
Microsoft Visual Studio Solution File, Format Version 12.00
# Visual Studio Version 16
VisualStudioVersion = 16.0.30611.23
MinimumVisualStudioVersion = 10.0.40219.1
Project("{FAE04EC0-301F-11D3-BF4B-00C04F79EFBC}") = "siralaButon", "siralaButon\siralaButon.csproj", "{8C5BA5BF-B564-4E5A-A6BA-2DA641D21328}"
EndProject
Global
	GlobalSection(SolutionConfigurationPlatforms) = preSolution
		Debug|Any CPU = Debug|Any CPU
		Release|Any CPU = Release|Any CPU
	EndGlobalSection
	GlobalSection(ProjectConfigurationPlatforms) = postSolution
		{8C5BA5BF-B564-4E5A-A6BA-2DA641D21328}.Debug|Any CPU.ActiveCfg = Debug|Any CPU
		{8C5BA5BF-B564-4E5A-A6BA-2DA641D21328}.Debug|Any CPU.Build.0 = Debug|Any CPU
		{8C5BA5BF-B564-4E5A-A6BA-2DA641D21328}.Release|Any CPU.ActiveCfg = Release|Any CPU
		{8C5BA5BF-B564-4E5A-A6BA-2DA641D21328}.Release|Any CPU.Build.0 = Release|Any CPU
	EndGlobalSection
	GlobalSection(SolutionProperties) = preSolution
		HideSolutionNode = FALSE
	EndGlobalSection
	GlobalSection(ExtensibilityGlobals) = postSolution
		SolutionGuid = {9AF3A0DF-E23B-495F-970D-192296138C8F}
	EndGlobalSection
EndGlobal
